schema: '2.0'
stages:
  get_data:
    cmd: python src/get_data.py
    deps:
    - path: src/get_data.py
      hash: md5
      md5: e477b70e61d524c0e694bd4005290dcf
      size: 399
    outs:
    - path: smsspamcollection
      hash: md5
      md5: 6a96da26fe9ed5d450b58dd97347334e.dir
      size: 687902
      nfiles: 3
  preprocess:
    cmd: python src/text_preprocessing.py
    deps:
    - path: smsspamcollection
      hash: md5
      md5: 6a96da26fe9ed5d450b58dd97347334e.dir
      size: 687902
      nfiles: 3
    - path: src/text_preprocessing.py
      hash: md5
      md5: ed0b9c3b0ff2d70215f4e58f517a46cf
      size: 2533
    outs:
    - path: output/preprocessed_data.joblib
      hash: md5
      md5: c9870fed6b086723a6e086dec967a009
      size: 495124
  train:
    cmd: python src/text_classification.py
    deps:
    - path: output/preprocessed_data.joblib
      hash: md5
      md5: c9870fed6b086723a6e086dec967a009
      size: 495124
    - path: src/text_classification.py
      hash: md5
      md5: ea5cea56efbcfb732c31873c80d5d462
      size: 3290
    - path: src/text_preprocessing.py
      hash: md5
      md5: ed0b9c3b0ff2d70215f4e58f517a46cf
      size: 2533
    outs:
    - path: output/model.joblib
      hash: md5
      md5: 21cd2114ade54ed3365472bb6fd81ac8
      size: 15001
